
Microsoft Visual Studio Solution File, Format Version 12.00
# Visual Studio Version 16
VisualStudioVersion = 16.0.29709.97
MinimumVisualStudioVersion = 10.0.40219.1
Project("{FAE04EC0-301F-11D3-BF4B-00C04F79EFBC}") = "Happy Cake", "Happy Cake\Happy Cake.csproj", "{892A744C-A6C7-4113-8DE0-CEC30635EA75}"
EndProject
Global
	GlobalSection(SolutionConfigurationPlatforms) = preSolution
		Debug|Any CPU = Debug|Any CPU
		Release|Any CPU = Release|Any CPU
	EndGlobalSection
	GlobalSection(ProjectConfigurationPlatforms) = postSolution
		{892A744C-A6C7-4113-8DE0-CEC30635EA75}.Debug|Any CPU.ActiveCfg = Debug|Any CPU
		{892A744C-A6C7-4113-8DE0-CEC30635EA75}.Debug|Any CPU.Build.0 = Debug|Any CPU
		{892A744C-A6C7-4113-8DE0-CEC30635EA75}.Release|Any CPU.ActiveCfg = Release|Any CPU
		{892A744C-A6C7-4113-8DE0-CEC30635EA75}.Release|Any CPU.Build.0 = Release|Any CPU
	EndGlobalSection
	GlobalSection(SolutionProperties) = preSolution
		HideSolutionNode = FALSE
	EndGlobalSection
	GlobalSection(ExtensibilityGlobals) = postSolution
		SolutionGuid = {BF20B30F-53A6-4EAE-B0A2-E477BE4CA1DB}
	EndGlobalSection
EndGlobal
